
Microsoft Visual Studio Solution File, Format Version 12.00
# Visual Studio Version 17
VisualStudioVersion = 17.3.32929.385
MinimumVisualStudioVersion = 10.0.40219.1
Project("{9A19103F-16F7-4668-BE54-9A1E7A4F7556}") = "test-app", "test-app.csproj", "{97E0F117-D1BD-4F14-9C45-EE6AF0955889}"
EndProject
Project("{9A19103F-16F7-4668-BE54-9A1E7A4F7556}") = "Org.OpenAPITools", "..\new_models\models_3\src\Org.OpenAPITools\Org.OpenAPITools.csproj", "{49D01576-A4B9-4316-9055-D24B0B433FD2}"
EndProject
Global
	GlobalSection(SolutionConfigurationPlatforms) = preSolution
		Debug|Any CPU = Debug|Any CPU
		Release|Any CPU = Release|Any CPU
	EndGlobalSection
	GlobalSection(ProjectConfigurationPlatforms) = postSolution
		{97E0F117-D1BD-4F14-9C45-EE6AF0955889}.Debug|Any CPU.ActiveCfg = Debug|Any CPU
		{97E0F117-D1BD-4F14-9C45-EE6AF0955889}.Debug|Any CPU.Build.0 = Debug|Any CPU
		{97E0F117-D1BD-4F14-9C45-EE6AF0955889}.Release|Any CPU.ActiveCfg = Release|Any CPU
		{97E0F117-D1BD-4F14-9C45-EE6AF0955889}.Release|Any CPU.Build.0 = Release|Any CPU
		{49D01576-A4B9-4316-9055-D24B0B433FD2}.Debug|Any CPU.ActiveCfg = Debug|Any CPU
		{49D01576-A4B9-4316-9055-D24B0B433FD2}.Debug|Any CPU.Build.0 = Debug|Any CPU
		{49D01576-A4B9-4316-9055-D24B0B433FD2}.Release|Any CPU.ActiveCfg = Release|Any CPU
		{49D01576-A4B9-4316-9055-D24B0B433FD2}.Release|Any CPU.Build.0 = Release|Any CPU
	EndGlobalSection
	GlobalSection(SolutionProperties) = preSolution
		HideSolutionNode = FALSE
	EndGlobalSection
	GlobalSection(ExtensibilityGlobals) = postSolution
		SolutionGuid = {F25FAB5C-1F40-4F89-9131-56A5959B4CC9}
	EndGlobalSection
EndGlobal
